
Microsoft Visual Studio Solution File, Format Version 12.00
# Visual Studio Version 17
VisualStudioVersion = 17.8.34316.72
MinimumVisualStudioVersion = 10.0.40219.1
Project("{FAE04EC0-301F-11D3-BF4B-00C04F79EFBC}") = "Employe Management System", "Employe Management System.csproj", "{C40BC4DE-1BEF-4B9D-80AC-D781BA0D8BA9}"
EndProject
Global
	GlobalSection(SolutionConfigurationPlatforms) = preSolution
		Debug|Any CPU = Debug|Any CPU
		Release|Any CPU = Release|Any CPU
	EndGlobalSection
	GlobalSection(ProjectConfigurationPlatforms) = postSolution
		{C40BC4DE-1BEF-4B9D-80AC-D781BA0D8BA9}.Debug|Any CPU.ActiveCfg = Debug|Any CPU
		{C40BC4DE-1BEF-4B9D-80AC-D781BA0D8BA9}.Debug|Any CPU.Build.0 = Debug|Any CPU
		{C40BC4DE-1BEF-4B9D-80AC-D781BA0D8BA9}.Release|Any CPU.ActiveCfg = Release|Any CPU
		{C40BC4DE-1BEF-4B9D-80AC-D781BA0D8BA9}.Release|Any CPU.Build.0 = Release|Any CPU
	EndGlobalSection
	GlobalSection(SolutionProperties) = preSolution
		HideSolutionNode = FALSE
	EndGlobalSection
	GlobalSection(ExtensibilityGlobals) = postSolution
		SolutionGuid = {C9B3A4F6-49B9-4006-82DB-15E246593E85}
	EndGlobalSection
EndGlobal
